<?xml version="1.0" encoding="utf-8"?>
<Project ToolsVersion="4.0" xmlns="http://schemas.microsoft.com/developer/msbuild/2003">
  <ItemGroup>
    <Filter Include="Source Files">
      <UniqueIdentifier>{4FC737F1-C7A5-4376-A066-2A32D752A2FF}</UniqueIdentifier>
      <Extensions>cpp;c;cc;cxx;def;odl;idl;hpj;bat;asm;asmx</Extensions>
    </Filter>
    <Filter Include="Header Files">
      <UniqueIdentifier>{93995380-89BD-4b04-88EB-625FBE52EBFB}</UniqueIdentifier>
      <Extensions>h;hpp;hxx;hm;inl;inc;xsd</Extensions>
    </Filter>
    <Filter Include="Resource Files">
      <UniqueIdentifier>{67DA6AB6-F800-4c08-8B7A-83BB121AAD01}</UniqueIdentifier>
      <Extensions>rc;ico;cur;bmp;dlg;rc2;rct;bin;rgs;gif;jpg;jpeg;jpe;resx;tiff;tif;png;wav;mfcribbon-ms</Extensions>
    </Filter>
  </ItemGroup>
  <ItemGroup>
    <ClCompile Include="Stage1&amp;2\Stage1\FeatureMain.cpp">
      <Filter>Source Files</Filter>
    </ClCompile>
    <ClCompile Include="Stage1&amp;2\Stage1\ImageFeatures.cpp">
      <Filter>Source Files</Filter>
    </ClCompile>
    <ClCompile Include="Stage1&amp;2\Stage1\ImageProcessing.cpp">
      <Filter>Source Files</Filter>
    </ClCompile>
    <ClCompile Include="Stage1&amp;2\FeatureExtractor\Pair.cpp">
      <Filter>Source Files</Filter>
    </ClCompile>
    <ClCompile Include="Stage1&amp;2\FeatureExtractor\Polygon.cpp">
      <Filter>Source Files</Filter>
    </ClCompile>
  </ItemGroup>
  <ItemGroup>
    <ClInclude Include="Stage1&amp;2\FeatureExtractor\constants.h">
      <Filter>Header Files</Filter>
    </ClInclude>
    <ClInclude Include="Stage1&amp;2\FeatureExtractor\featuresExtractor.h">
      <Filter>Header Files</Filter>
    </ClInclude>
    <ClInclude Include="Stage1&amp;2\FeatureExtractor\pair.h">
      <Filter>Header Files</Filter>
    </ClInclude>
    <ClInclude Include="Stage1&amp;2\FeatureExtractor\polygon.h">
      <Filter>Header Files</Filter>
    </ClInclude>
    <ClInclude Include="Stage1&amp;2\Stage1\Image.h">
      <Filter>Header Files</Filter>
    </ClInclude>
    <ClInclude Include="Stage1&amp;2\Stage1\imageFeatures.h">
      <Filter>Header Files</Filter>
    </ClInclude>
    <ClInclude Include="Stage1&amp;2\Stage1\imageProcessing.h">
      <Filter>Header Files</Filter>
    </ClInclude>
    <ClInclude Include="Stage1&amp;2\Stage1\morphologyConstants.h">
      <Filter>Header Files</Filter>
    </ClInclude>
    <ClInclude Include="Stage1&amp;2\Stage1\Utility.h">
      <Filter>Header Files</Filter>
    </ClInclude>
    <ClInclude Include="Stage1&amp;2\Stage1\dirent.h">
      <Filter>Header Files</Filter>
    </ClInclude>
    <ClInclude Include="Stage1&amp;2\Stage1\Merge.h">
      <Filter>Header Files</Filter>
    </ClInclude>
  </ItemGroup>
</Project>